// !$*UTF8*$!
{
	archiveVersion = 1;
	classes = {
	};
	objectVersion = 46;
	objects = {

/* Begin PBXBuildFile section */
		01E3FC251BE92C7600187536 /* AppDelegate.swift in Sources */ = {isa = PBXBuildFile; fileRef = 01E3FC241BE92C7600187536 /* AppDelegate.swift */; };
		01E3FC2A1BE92C7600187536 /* Main.storyboard in Resources */ = {isa = PBXBuildFile; fileRef = 01E3FC281BE92C7600187536 /* Main.storyboard */; };
		01E3FC2C1BE92C7600187536 /* Assets.xcassets in Resources */ = {isa = PBXBuildFile; fileRef = 01E3FC2B1BE92C7600187536 /* Assets.xcassets */; };
		01E3FC2F1BE92C7600187536 /* LaunchScreen.storyboard in Resources */ = {isa = PBXBuildFile; fileRef = 01E3FC2D1BE92C7600187536 /* LaunchScreen.storyboard */; };
		01E3FC3A1BE92C7700187536 /* TimelineTests.swift in Sources */ = {isa = PBXBuildFile; fileRef = 01E3FC391BE92C7700187536 /* TimelineTests.swift */; };
		01E3FC451BE92C7700187536 /* TimelineUITests.swift in Sources */ = {isa = PBXBuildFile; fileRef = 01E3FC441BE92C7700187536 /* TimelineUITests.swift */; };
		8F1A93271C81150700938231 /* UserSearchResultsTableViewController.swift in Sources */ = {isa = PBXBuildFile; fileRef = 8F1A93261C81150700938231 /* UserSearchResultsTableViewController.swift */; };
		8F82402E1C7D044F007E8620 /* TimelineTableViewController.swift in Sources */ = {isa = PBXBuildFile; fileRef = 8F82402D1C7D044F007E8620 /* TimelineTableViewController.swift */; };
		8F8240301C7D04BE007E8620 /* PostDetailTableViewController.swift in Sources */ = {isa = PBXBuildFile; fileRef = 8F82402F1C7D04BE007E8620 /* PostDetailTableViewController.swift */; };
		8F8240321C7D0637007E8620 /* UserSearchTableViewController.swift in Sources */ = {isa = PBXBuildFile; fileRef = 8F8240311C7D0637007E8620 /* UserSearchTableViewController.swift */; };
		8F8240341C7D07B3007E8620 /* ProfileViewController.swift in Sources */ = {isa = PBXBuildFile; fileRef = 8F8240331C7D07B3007E8620 /* ProfileViewController.swift */; };
		8F8240361C7D08AE007E8620 /* AddPhotoTableViewController.swift in Sources */ = {isa = PBXBuildFile; fileRef = 8F8240351C7D08AE007E8620 /* AddPhotoTableViewController.swift */; };
		8F8240381C7D0A6B007E8620 /* LoginSignupChoiceViewController.swift in Sources */ = {isa = PBXBuildFile; fileRef = 8F8240371C7D0A6B007E8620 /* LoginSignupChoiceViewController.swift */; };
		8F82403A1C7D0B37007E8620 /* LoginSignupViewController.swift in Sources */ = {isa = PBXBuildFile; fileRef = 8F8240391C7D0B37007E8620 /* LoginSignupViewController.swift */; };
		8F82403D1C7D1621007E8620 /* User.swift in Sources */ = {isa = PBXBuildFile; fileRef = 8F82403C1C7D1621007E8620 /* User.swift */; };
		8F82403F1C7D1636007E8620 /* Comment.swift in Sources */ = {isa = PBXBuildFile; fileRef = 8F82403E1C7D1636007E8620 /* Comment.swift */; };
		8F8240411C7D163D007E8620 /* Like.swift in Sources */ = {isa = PBXBuildFile; fileRef = 8F8240401C7D163D007E8620 /* Like.swift */; };
		8F8240431C7D1641007E8620 /* Post.swift in Sources */ = {isa = PBXBuildFile; fileRef = 8F8240421C7D1641007E8620 /* Post.swift */; };
		8F8240461C7D1F34007E8620 /* PostController.swift in Sources */ = {isa = PBXBuildFile; fileRef = 8F8240451C7D1F34007E8620 /* PostController.swift */; };
		8F8240481C7D1F3E007E8620 /* UserController.swift in Sources */ = {isa = PBXBuildFile; fileRef = 8F8240471C7D1F3E007E8620 /* UserController.swift */; };
		8F82404A1C7D1F54007E8620 /* ImageController.swift in Sources */ = {isa = PBXBuildFile; fileRef = 8F8240491C7D1F54007E8620 /* ImageController.swift */; };
		8FEB063A1C7EFD9B00EB5268 /* ProfileHeaderCollectionReusableView.swift in Sources */ = {isa = PBXBuildFile; fileRef = 8FEB06391C7EFD9B00EB5268 /* ProfileHeaderCollectionReusableView.swift */; };
		8FEB063C1C7F04A200EB5268 /* ImageCollectionViewCell.swift in Sources */ = {isa = PBXBuildFile; fileRef = 8FEB063B1C7F04A200EB5268 /* ImageCollectionViewCell.swift */; };
/* End PBXBuildFile section */

/* Begin PBXContainerItemProxy section */
		01E3FC361BE92C7700187536 /* PBXContainerItemProxy */ = {
			isa = PBXContainerItemProxy;
			containerPortal = 01E3FC191BE92C7600187536 /* Project object */;
			proxyType = 1;
			remoteGlobalIDString = 01E3FC201BE92C7600187536;
			remoteInfo = Timeline;
		};
		01E3FC411BE92C7700187536 /* PBXContainerItemProxy */ = {
			isa = PBXContainerItemProxy;
			containerPortal = 01E3FC191BE92C7600187536 /* Project object */;
			proxyType = 1;
			remoteGlobalIDString = 01E3FC201BE92C7600187536;
			remoteInfo = Timeline;
		};
/* End PBXContainerItemProxy section */

/* Begin PBXFileReference section */
		01E3FC211BE92C7600187536 /* Timeline.app */ = {isa = PBXFileReference; explicitFileType = wrapper.application; includeInIndex = 0; path = Timeline.app; sourceTree = BUILT_PRODUCTS_DIR; };
		01E3FC241BE92C7600187536 /* AppDelegate.swift */ = {isa = PBXFileReference; lastKnownFileType = sourcecode.swift; path = AppDelegate.swift; sourceTree = "<group>"; };
		01E3FC291BE92C7600187536 /* Base */ = {isa = PBXFileReference; lastKnownFileType = file.storyboard; name = Base; path = Base.lproj/Main.storyboard; sourceTree = "<group>"; };
		01E3FC2B1BE92C7600187536 /* Assets.xcassets */ = {isa = PBXFileReference; lastKnownFileType = folder.assetcatalog; path = Assets.xcassets; sourceTree = "<group>"; };
		01E3FC2E1BE92C7600187536 /* Base */ = {isa = PBXFileReference; lastKnownFileType = file.storyboard; name = Base; path = Base.lproj/LaunchScreen.storyboard; sourceTree = "<group>"; };
		01E3FC301BE92C7600187536 /* Info.plist */ = {isa = PBXFileReference; lastKnownFileType = text.plist.xml; path = Info.plist; sourceTree = "<group>"; };
		01E3FC351BE92C7700187536 /* TimelineTests.xctest */ = {isa = PBXFileReference; explicitFileType = wrapper.cfbundle; includeInIndex = 0; path = TimelineTests.xctest; sourceTree = BUILT_PRODUCTS_DIR; };
		01E3FC391BE92C7700187536 /* TimelineTests.swift */ = {isa = PBXFileReference; lastKnownFileType = sourcecode.swift; path = TimelineTests.swift; sourceTree = "<group>"; };
		01E3FC3B1BE92C7700187536 /* Info.plist */ = {isa = PBXFileReference; lastKnownFileType = text.plist.xml; path = Info.plist; sourceTree = "<group>"; };
		01E3FC401BE92C7700187536 /* TimelineUITests.xctest */ = {isa = PBXFileReference; explicitFileType = wrapper.cfbundle; includeInIndex = 0; path = TimelineUITests.xctest; sourceTree = BUILT_PRODUCTS_DIR; };
		01E3FC441BE92C7700187536 /* TimelineUITests.swift */ = {isa = PBXFileReference; lastKnownFileType = sourcecode.swift; path = TimelineUITests.swift; sourceTree = "<group>"; };
		01E3FC461BE92C7700187536 /* Info.plist */ = {isa = PBXFileReference; lastKnownFileType = text.plist.xml; path = Info.plist; sourceTree = "<group>"; };
		8F1A93261C81150700938231 /* UserSearchResultsTableViewController.swift */ = {isa = PBXFileReference; fileEncoding = 4; lastKnownFileType = sourcecode.swift; path = UserSearchResultsTableViewController.swift; sourceTree = "<group>"; };
		8F82402D1C7D044F007E8620 /* TimelineTableViewController.swift */ = {isa = PBXFileReference; fileEncoding = 4; lastKnownFileType = sourcecode.swift; path = TimelineTableViewController.swift; sourceTree = "<group>"; };
		8F82402F1C7D04BE007E8620 /* PostDetailTableViewController.swift */ = {isa = PBXFileReference; fileEncoding = 4; lastKnownFileType = sourcecode.swift; path = PostDetailTableViewController.swift; sourceTree = "<group>"; };
		8F8240311C7D0637007E8620 /* UserSearchTableViewController.swift */ = {isa = PBXFileReference; fileEncoding = 4; lastKnownFileType = sourcecode.swift; path = UserSearchTableViewController.swift; sourceTree = "<group>"; };
		8F8240331C7D07B3007E8620 /* ProfileViewController.swift */ = {isa = PBXFileReference; fileEncoding = 4; lastKnownFileType = sourcecode.swift; path = ProfileViewController.swift; sourceTree = "<group>"; };
		8F8240351C7D08AE007E8620 /* AddPhotoTableViewController.swift */ = {isa = PBXFileReference; fileEncoding = 4; lastKnownFileType = sourcecode.swift; path = AddPhotoTableViewController.swift; sourceTree = "<group>"; };
		8F8240371C7D0A6B007E8620 /* LoginSignupChoiceViewController.swift */ = {isa = PBXFileReference; fileEncoding = 4; lastKnownFileType = sourcecode.swift; path = LoginSignupChoiceViewController.swift; sourceTree = "<group>"; };
		8F8240391C7D0B37007E8620 /* LoginSignupViewController.swift */ = {isa = PBXFileReference; fileEncoding = 4; lastKnownFileType = sourcecode.swift; path = LoginSignupViewController.swift; sourceTree = "<group>"; };
		8F82403C1C7D1621007E8620 /* User.swift */ = {isa = PBXFileReference; fileEncoding = 4; lastKnownFileType = sourcecode.swift; path = User.swift; sourceTree = "<group>"; };
		8F82403E1C7D1636007E8620 /* Comment.swift */ = {isa = PBXFileReference; fileEncoding = 4; lastKnownFileType = sourcecode.swift; path = Comment.swift; sourceTree = "<group>"; };
		8F8240401C7D163D007E8620 /* Like.swift */ = {isa = PBXFileReference; fileEncoding = 4; lastKnownFileType = sourcecode.swift; path = Like.swift; sourceTree = "<group>"; };
		8F8240421C7D1641007E8620 /* Post.swift */ = {isa = PBXFileReference; fileEncoding = 4; lastKnownFileType = sourcecode.swift; path = Post.swift; sourceTree = "<group>"; };
		8F8240451C7D1F34007E8620 /* PostController.swift */ = {isa = PBXFileReference; fileEncoding = 4; lastKnownFileType = sourcecode.swift; path = PostController.swift; sourceTree = "<group>"; };
		8F8240471C7D1F3E007E8620 /* UserController.swift */ = {isa = PBXFileReference; fileEncoding = 4; lastKnownFileType = sourcecode.swift; path = UserController.swift; sourceTree = "<group>"; };
		8F8240491C7D1F54007E8620 /* ImageController.swift */ = {isa = PBXFileReference; fileEncoding = 4; lastKnownFileType = sourcecode.swift; path = ImageController.swift; sourceTree = "<group>"; };
		8FEB06391C7EFD9B00EB5268 /* ProfileHeaderCollectionReusableView.swift */ = {isa = PBXFileReference; fileEncoding = 4; lastKnownFileType = sourcecode.swift; path = ProfileHeaderCollectionReusableView.swift; sourceTree = "<group>"; };
		8FEB063B1C7F04A200EB5268 /* ImageCollectionViewCell.swift */ = {isa = PBXFileReference; fileEncoding = 4; lastKnownFileType = sourcecode.swift; path = ImageCollectionViewCell.swift; sourceTree = "<group>"; };
/* End PBXFileReference section */

/* Begin PBXFrameworksBuildPhase section */
		01E3FC1E1BE92C7600187536 /* Frameworks */ = {
			isa = PBXFrameworksBuildPhase;
			buildActionMask = 2147483647;
			files = (
			);
			runOnlyForDeploymentPostprocessing = 0;
		};
		01E3FC321BE92C7700187536 /* Frameworks */ = {
			isa = PBXFrameworksBuildPhase;
			buildActionMask = 2147483647;
			files = (
			);
			runOnlyForDeploymentPostprocessing = 0;
		};
		01E3FC3D1BE92C7700187536 /* Frameworks */ = {
			isa = PBXFrameworksBuildPhase;
			buildActionMask = 2147483647;
			files = (
			);
			runOnlyForDeploymentPostprocessing = 0;
		};
/* End PBXFrameworksBuildPhase section */

/* Begin PBXGroup section */
		01E3FC181BE92C7600187536 = {
			isa = PBXGroup;
			children = (
				01E3FC231BE92C7600187536 /* Timeline */,
				01E3FC381BE92C7700187536 /* TimelineTests */,
				01E3FC431BE92C7700187536 /* TimelineUITests */,
				01E3FC221BE92C7600187536 /* Products */,
			);
			sourceTree = "<group>";
		};
		01E3FC221BE92C7600187536 /* Products */ = {
			isa = PBXGroup;
			children = (
				01E3FC211BE92C7600187536 /* Timeline.app */,
				01E3FC351BE92C7700187536 /* TimelineTests.xctest */,
				01E3FC401BE92C7700187536 /* TimelineUITests.xctest */,
			);
			name = Products;
			sourceTree = "<group>";
		};
		01E3FC231BE92C7600187536 /* Timeline */ = {
			isa = PBXGroup;
			children = (
				01E3FC241BE92C7600187536 /* AppDelegate.swift */,
				01E3FC281BE92C7600187536 /* Main.storyboard */,
				8F8240441C7D1646007E8620 /* Model */,
				8F82404B1C7D1F59007E8620 /* ModelControllers */,
				8F82403B1C7D15E6007E8620 /* ViewController */,
				8FEB063D1C7F04B800EB5268 /* View */,
				01E3FC2D1BE92C7600187536 /* LaunchScreen.storyboard */,
				01E3FC2B1BE92C7600187536 /* Assets.xcassets */,
				01E3FC301BE92C7600187536 /* Info.plist */,
			);
			path = Timeline;
			sourceTree = "<group>";
		};
		01E3FC381BE92C7700187536 /* TimelineTests */ = {
			isa = PBXGroup;
			children = (
				01E3FC391BE92C7700187536 /* TimelineTests.swift */,
				01E3FC3B1BE92C7700187536 /* Info.plist */,
			);
			path = TimelineTests;
			sourceTree = "<group>";
		};
		01E3FC431BE92C7700187536 /* TimelineUITests */ = {
			isa = PBXGroup;
			children = (
				01E3FC441BE92C7700187536 /* TimelineUITests.swift */,
				01E3FC461BE92C7700187536 /* Info.plist */,
			);
			path = TimelineUITests;
			sourceTree = "<group>";
		};
		8F82403B1C7D15E6007E8620 /* ViewController */ = {
			isa = PBXGroup;
			children = (
				8F8240391C7D0B37007E8620 /* LoginSignupViewController.swift */,
				8F8240371C7D0A6B007E8620 /* LoginSignupChoiceViewController.swift */,
				8F8240351C7D08AE007E8620 /* AddPhotoTableViewController.swift */,
				8F82402F1C7D04BE007E8620 /* PostDetailTableViewController.swift */,
				8F8240311C7D0637007E8620 /* UserSearchTableViewController.swift */,
				8F1A93261C81150700938231 /* UserSearchResultsTableViewController.swift */,
				8F8240331C7D07B3007E8620 /* ProfileViewController.swift */,
				8F82402D1C7D044F007E8620 /* TimelineTableViewController.swift */,
			);
			name = ViewController;
			sourceTree = "<group>";
		};
		8F8240441C7D1646007E8620 /* Model */ = {
			isa = PBXGroup;
			children = (
				8F82403C1C7D1621007E8620 /* User.swift */,
				8F82403E1C7D1636007E8620 /* Comment.swift */,
				8F8240401C7D163D007E8620 /* Like.swift */,
				8F8240421C7D1641007E8620 /* Post.swift */,
			);
			name = Model;
			sourceTree = "<group>";
		};
		8F82404B1C7D1F59007E8620 /* ModelControllers */ = {
			isa = PBXGroup;
			children = (
				8F8240451C7D1F34007E8620 /* PostController.swift */,
				8F8240471C7D1F3E007E8620 /* UserController.swift */,
				8F8240491C7D1F54007E8620 /* ImageController.swift */,
			);
			name = ModelControllers;
			sourceTree = "<group>";
		};
		8FEB063D1C7F04B800EB5268 /* View */ = {
			isa = PBXGroup;
			children = (
				8FEB06391C7EFD9B00EB5268 /* ProfileHeaderCollectionReusableView.swift */,
				8FEB063B1C7F04A200EB5268 /* ImageCollectionViewCell.swift */,
			);
			name = View;
			sourceTree = "<group>";
		};
/* End PBXGroup section */

/* Begin PBXNativeTarget section */
		01E3FC201BE92C7600187536 /* Timeline */ = {
			isa = PBXNativeTarget;
			buildConfigurationList = 01E3FC491BE92C7700187536 /* Build configuration list for PBXNativeTarget "Timeline" */;
			buildPhases = (
				01E3FC1D1BE92C7600187536 /* Sources */,
				01E3FC1E1BE92C7600187536 /* Frameworks */,
				01E3FC1F1BE92C7600187536 /* Resources */,
			);
			buildRules = (
			);
			dependencies = (
			);
			name = Timeline;
			productName = Timeline;
			productReference = 01E3FC211BE92C7600187536 /* Timeline.app */;
			productType = "com.apple.product-type.application";
		};
		01E3FC341BE92C7700187536 /* TimelineTests */ = {
			isa = PBXNativeTarget;
			buildConfigurationList = 01E3FC4C1BE92C7700187536 /* Build configuration list for PBXNativeTarget "TimelineTests" */;
			buildPhases = (
				01E3FC311BE92C7700187536 /* Sources */,
				01E3FC321BE92C7700187536 /* Frameworks */,
				01E3FC331BE92C7700187536 /* Resources */,
			);
			buildRules = (
			);
			dependencies = (
				01E3FC371BE92C7700187536 /* PBXTargetDependency */,
			);
			name = TimelineTests;
			productName = TimelineTests;
			productReference = 01E3FC351BE92C7700187536 /* TimelineTests.xctest */;
			productType = "com.apple.product-type.bundle.unit-test";
		};
		01E3FC3F1BE92C7700187536 /* TimelineUITests */ = {
			isa = PBXNativeTarget;
			buildConfigurationList = 01E3FC4F1BE92C7700187536 /* Build configuration list for PBXNativeTarget "TimelineUITests" */;
			buildPhases = (
				01E3FC3C1BE92C7700187536 /* Sources */,
				01E3FC3D1BE92C7700187536 /* Frameworks */,
				01E3FC3E1BE92C7700187536 /* Resources */,
			);
			buildRules = (
			);
			dependencies = (
				01E3FC421BE92C7700187536 /* PBXTargetDependency */,
			);
			name = TimelineUITests;
			productName = TimelineUITests;
			productReference = 01E3FC401BE92C7700187536 /* TimelineUITests.xctest */;
			productType = "com.apple.product-type.bundle.ui-testing";
		};
/* End PBXNativeTarget section */

/* Begin PBXProject section */
		01E3FC191BE92C7600187536 /* Project object */ = {
			isa = PBXProject;
			attributes = {
				LastSwiftUpdateCheck = 0710;
				LastUpgradeCheck = 0710;
				ORGANIZATIONNAME = DevMountain;
				TargetAttributes = {
					01E3FC201BE92C7600187536 = {
						CreatedOnToolsVersion = 7.1;
					};
					01E3FC341BE92C7700187536 = {
						CreatedOnToolsVersion = 7.1;
						TestTargetID = 01E3FC201BE92C7600187536;
					};
					01E3FC3F1BE92C7700187536 = {
						CreatedOnToolsVersion = 7.1;
						TestTargetID = 01E3FC201BE92C7600187536;
					};
				};
			};
			buildConfigurationList = 01E3FC1C1BE92C7600187536 /* Build configuration list for PBXProject "Timeline" */;
			compatibilityVersion = "Xcode 3.2";
			developmentRegion = English;
			hasScannedForEncodings = 0;
			knownRegions = (
				en,
				Base,
			);
			mainGroup = 01E3FC181BE92C7600187536;
			productRefGroup = 01E3FC221BE92C7600187536 /* Products */;
			projectDirPath = "";
			projectRoot = "";
			targets = (
				01E3FC201BE92C7600187536 /* Timeline */,
				01E3FC341BE92C7700187536 /* TimelineTests */,
				01E3FC3F1BE92C7700187536 /* TimelineUITests */,
			);
		};
/* End PBXProject section */

/* Begin PBXResourcesBuildPhase section */
		01E3FC1F1BE92C7600187536 /* Resources */ = {
			isa = PBXResourcesBuildPhase;
			buildActionMask = 2147483647;
			files = (
				01E3FC2F1BE92C7600187536 /* LaunchScreen.storyboard in Resources */,
				01E3FC2C1BE92C7600187536 /* Assets.xcassets in Resources */,
				01E3FC2A1BE92C7600187536 /* Main.storyboard in Resources */,
			);
			runOnlyForDeploymentPostprocessing = 0;
		};
		01E3FC331BE92C7700187536 /* Resources */ = {
			isa = PBXResourcesBuildPhase;
			buildActionMask = 2147483647;
			files = (
			);
			runOnlyForDeploymentPostprocessing = 0;
		};
		01E3FC3E1BE92C7700187536 /* Resources */ = {
			isa = PBXResourcesBuildPhase;
			buildActionMask = 2147483647;
			files = (
			);
			runOnlyForDeploymentPostprocessing = 0;
		};
/* End PBXResourcesBuildPhase section */

/* Begin PBXSourcesBuildPhase section */
		01E3FC1D1BE92C7600187536 /* Sources */ = {
			isa = PBXSourcesBuildPhase;
			buildActionMask = 2147483647;
			files = (
				8FEB063C1C7F04A200EB5268 /* ImageCollectionViewCell.swift in Sources */,
				8F82403A1C7D0B37007E8620 /* LoginSignupViewController.swift in Sources */,
				8F8240381C7D0A6B007E8620 /* LoginSignupChoiceViewController.swift in Sources */,
				8F8240361C7D08AE007E8620 /* AddPhotoTableViewController.swift in Sources */,
				8F8240431C7D1641007E8620 /* Post.swift in Sources */,
				8F8240481C7D1F3E007E8620 /* UserController.swift in Sources */,
				8F82404A1C7D1F54007E8620 /* ImageController.swift in Sources */,
				8F82402E1C7D044F007E8620 /* TimelineTableViewController.swift in Sources */,
				01E3FC251BE92C7600187536 /* AppDelegate.swift in Sources */,
				8FEB063A1C7EFD9B00EB5268 /* ProfileHeaderCollectionReusableView.swift in Sources */,
				8F82403F1C7D1636007E8620 /* Comment.swift in Sources */,
				8F82403D1C7D1621007E8620 /* User.swift in Sources */,
				8F8240341C7D07B3007E8620 /* ProfileViewController.swift in Sources */,
				8F1A93271C81150700938231 /* UserSearchResultsTableViewController.swift in Sources */,
				8F8240461C7D1F34007E8620 /* PostController.swift in Sources */,
				8F8240411C7D163D007E8620 /* Like.swift in Sources */,
				8F8240321C7D0637007E8620 /* UserSearchTableViewController.swift in Sources */,
				8F8240301C7D04BE007E8620 /* PostDetailTableViewController.swift in Sources */,
			);
			runOnlyForDeploymentPostprocessing = 0;
		};
		01E3FC311BE92C7700187536 /* Sources */ = {
			isa = PBXSourcesBuildPhase;
			buildActionMask = 2147483647;
			files = (
				01E3FC3A1BE92C7700187536 /* TimelineTests.swift in Sources */,
			);
			runOnlyForDeploymentPostprocessing = 0;
		};
		01E3FC3C1BE92C7700187536 /* Sources */ = {
			isa = PBXSourcesBuildPhase;
			buildActionMask = 2147483647;
			files = (
				01E3FC451BE92C7700187536 /* TimelineUITests.swift in Sources */,
			);
			runOnlyForDeploymentPostprocessing = 0;
		};
/* End PBXSourcesBuildPhase section */

/* Begin PBXTargetDependency section */
		01E3FC371BE92C7700187536 /* PBXTargetDependency */ = {
			isa = PBXTargetDependency;
			target = 01E3FC201BE92C7600187536 /* Timeline */;
			targetProxy = 01E3FC361BE92C7700187536 /* PBXContainerItemProxy */;
		};
		01E3FC421BE92C7700187536 /* PBXTargetDependency */ = {
			isa = PBXTargetDependency;
			target = 01E3FC201BE92C7600187536 /* Timeline */;
			targetProxy = 01E3FC411BE92C7700187536 /* PBXContainerItemProxy */;
		};
/* End PBXTargetDependency section */

/* Begin PBXVariantGroup section */
		01E3FC281BE92C7600187536 /* Main.storyboard */ = {
			isa = PBXVariantGroup;
			children = (
				01E3FC291BE92C7600187536 /* Base */,
			);
			name = Main.storyboard;
			sourceTree = "<group>";
		};
		01E3FC2D1BE92C7600187536 /* LaunchScreen.storyboard */ = {
			isa = PBXVariantGroup;
			children = (
				01E3FC2E1BE92C7600187536 /* Base */,
			);
			name = LaunchScreen.storyboard;
			sourceTree = "<group>";
		};
/* End PBXVariantGroup section */

/* Begin XCBuildConfiguration section */
		01E3FC471BE92C7700187536 /* Debug */ = {
			isa = XCBuildConfiguration;
			buildSettings = {
				ALWAYS_SEARCH_USER_PATHS = NO;
				CLANG_CXX_LANGUAGE_STANDARD = "gnu++0x";
				CLANG_CXX_LIBRARY = "libc++";
				CLANG_ENABLE_MODULES = YES;
				CLANG_ENABLE_OBJC_ARC = YES;
				CLANG_WARN_BOOL_CONVERSION = YES;
				CLANG_WARN_CONSTANT_CONVERSION = YES;
				CLANG_WARN_DIRECT_OBJC_ISA_USAGE = YES_ERROR;
				CLANG_WARN_EMPTY_BODY = YES;
				CLANG_WARN_ENUM_CONVERSION = YES;
				CLANG_WARN_INT_CONVERSION = YES;
				CLANG_WARN_OBJC_ROOT_CLASS = YES_ERROR;
				CLANG_WARN_UNREACHABLE_CODE = YES;
				CLANG_WARN__DUPLICATE_METHOD_MATCH = YES;
				"CODE_SIGN_IDENTITY[sdk=iphoneos*]" = "iPhone Developer";
				COPY_PHASE_STRIP = NO;
				DEBUG_INFORMATION_FORMAT = dwarf;
				ENABLE_STRICT_OBJC_MSGSEND = YES;
				ENABLE_TESTABILITY = YES;
				GCC_C_LANGUAGE_STANDARD = gnu99;
				GCC_DYNAMIC_NO_PIC = NO;
				GCC_NO_COMMON_BLOCKS = YES;
				GCC_OPTIMIZATION_LEVEL = 0;
				GCC_PREPROCESSOR_DEFINITIONS = (
					"DEBUG=1",
					"$(inherited)",
				);
				GCC_WARN_64_TO_32_BIT_CONVERSION = YES;
				GCC_WARN_ABOUT_RETURN_TYPE = YES_ERROR;
				GCC_WARN_UNDECLARED_SELECTOR = YES;
				GCC_WARN_UNINITIALIZED_AUTOS = YES_AGGRESSIVE;
				GCC_WARN_UNUSED_FUNCTION = YES;
				GCC_WARN_UNUSED_VARIABLE = YES;
				IPHONEOS_DEPLOYMENT_TARGET = 9.1;
				MTL_ENABLE_DEBUG_INFO = YES;
				ONLY_ACTIVE_ARCH = YES;
				SDKROOT = iphoneos;
				SWIFT_OPTIMIZATION_LEVEL = "-Onone";
			};
			name = Debug;
		};
		01E3FC481BE92C7700187536 /* Release */ = {
			isa = XCBuildConfiguration;
			buildSettings = {
				ALWAYS_SEARCH_USER_PATHS = NO;
				CLANG_CXX_LANGUAGE_STANDARD = "gnu++0x";
				CLANG_CXX_LIBRARY = "libc++";
				CLANG_ENABLE_MODULES = YES;
				CLANG_ENABLE_OBJC_ARC = YES;
				CLANG_WARN_BOOL_CONVERSION = YES;
				CLANG_WARN_CONSTANT_CONVERSION = YES;
				CLANG_WARN_DIRECT_OBJC_ISA_USAGE = YES_ERROR;
				CLANG_WARN_EMPTY_BODY = YES;
				CLANG_WARN_ENUM_CONVERSION = YES;
				CLANG_WARN_INT_CONVERSION = YES;
				CLANG_WARN_OBJC_ROOT_CLASS = YES_ERROR;
				CLANG_WARN_UNREACHABLE_CODE = YES;
				CLANG_WARN__DUPLICATE_METHOD_MATCH = YES;
				"CODE_SIGN_IDENTITY[sdk=iphoneos*]" = "iPhone Developer";
				COPY_PHASE_STRIP = NO;
				DEBUG_INFORMATION_FORMAT = "dwarf-with-dsym";
				ENABLE_NS_ASSERTIONS = NO;
				ENABLE_STRICT_OBJC_MSGSEND = YES;
				GCC_C_LANGUAGE_STANDARD = gnu99;
				GCC_NO_COMMON_BLOCKS = YES;
				GCC_WARN_64_TO_32_BIT_CONVERSION = YES;
				GCC_WARN_ABOUT_RETURN_TYPE = YES_ERROR;
				GCC_WARN_UNDECLARED_SELECTOR = YES;
				GCC_WARN_UNINITIALIZED_AUTOS = YES_AGGRESSIVE;
				GCC_WARN_UNUSED_FUNCTION = YES;
				GCC_WARN_UNUSED_VARIABLE = YES;
				IPHONEOS_DEPLOYMENT_TARGET = 9.1;
				MTL_ENABLE_DEBUG_INFO = NO;
				SDKROOT = iphoneos;
				VALIDATE_PRODUCT = YES;
			};
			name = Release;
		};
		01E3FC4A1BE92C7700187536 /* Debug */ = {
			isa = XCBuildConfiguration;
			buildSettings = {
				ASSETCATALOG_COMPILER_APPICON_NAME = AppIcon;
				INFOPLIST_FILE = Timeline/Info.plist;
				LD_RUNPATH_SEARCH_PATHS = "$(inherited) @executable_path/Frameworks";
				PRODUCT_BUNDLE_IDENTIFIER = in.devmounta.Timeline;
				PRODUCT_NAME = "$(TARGET_NAME)";
			};
			name = Debug;
		};
		01E3FC4B1BE92C7700187536 /* Release */ = {
			isa = XCBuildConfiguration;
			buildSettings = {
				ASSETCATALOG_COMPILER_APPICON_NAME = AppIcon;
				INFOPLIST_FILE = Timeline/Info.plist;
				LD_RUNPATH_SEARCH_PATHS = "$(inherited) @executable_path/Frameworks";
				PRODUCT_BUNDLE_IDENTIFIER = in.devmounta.Timeline;
				PRODUCT_NAME = "$(TARGET_NAME)";
			};
			name = Release;
		};
		01E3FC4D1BE92C7700187536 /* Debug */ = {
			isa = XCBuildConfiguration;
			buildSettings = {
				BUNDLE_LOADER = "$(TEST_HOST)";
				INFOPLIST_FILE = TimelineTests/Info.plist;
				LD_RUNPATH_SEARCH_PATHS = "$(inherited) @executable_path/Frameworks @loader_path/Frameworks";
				PRODUCT_BUNDLE_IDENTIFIER = in.devmounta.TimelineTests;
				PRODUCT_NAME = "$(TARGET_NAME)";
				TEST_HOST = "$(BUILT_PRODUCTS_DIR)/Timeline.app/Timeline";
			};
			name = Debug;
		};
		01E3FC4E1BE92C7700187536 /* Release */ = {
			isa = XCBuildConfiguration;
			buildSettings = {
				BUNDLE_LOADER = "$(TEST_HOST)";
				INFOPLIST_FILE = TimelineTests/Info.plist;
				LD_RUNPATH_SEARCH_PATHS = "$(inherited) @executable_path/Frameworks @loader_path/Frameworks";
				PRODUCT_BUNDLE_IDENTIFIER = in.devmounta.TimelineTests;
				PRODUCT_NAME = "$(TARGET_NAME)";
				TEST_HOST = "$(BUILT_PRODUCTS_DIR)/Timeline.app/Timeline";
			};
			name = Release;
		};
		01E3FC501BE92C7700187536 /* Debug */ = {
			isa = XCBuildConfiguration;
			buildSettings = {
				INFOPLIST_FILE = TimelineUITests/Info.plist;
				LD_RUNPATH_SEARCH_PATHS = "$(inherited) @executable_path/Frameworks @loader_path/Frameworks";
				PRODUCT_BUNDLE_IDENTIFIER = in.devmounta.TimelineUITests;
				PRODUCT_NAME = "$(TARGET_NAME)";
				TEST_TARGET_NAME = Timeline;
				USES_XCTRUNNER = YES;
			};
			name = Debug;
		};
		01E3FC511BE92C7700187536 /* Release */ = {
			isa = XCBuildConfiguration;
			buildSettings = {
				INFOPLIST_FILE = TimelineUITests/Info.plist;
				LD_RUNPATH_SEARCH_PATHS = "$(inherited) @executable_path/Frameworks @loader_path/Frameworks";
				PRODUCT_BUNDLE_IDENTIFIER = in.devmounta.TimelineUITests;
				PRODUCT_NAME = "$(TARGET_NAME)";
				TEST_TARGET_NAME = Timeline;
				USES_XCTRUNNER = YES;
			};
			name = Release;
		};
/* End XCBuildConfiguration section */

/* Begin XCConfigurationList section */
		01E3FC1C1BE92C7600187536 /* Build configuration list for PBXProject "Timeline" */ = {
			isa = XCConfigurationList;
			buildConfigurations = (
				01E3FC471BE92C7700187536 /* Debug */,
				01E3FC481BE92C7700187536 /* Release */,
			);
			defaultConfigurationIsVisible = 0;
			defaultConfigurationName = Release;
		};
		01E3FC491BE92C7700187536 /* Build configuration list for PBXNativeTarget "Timeline" */ = {
			isa = XCConfigurationList;
			buildConfigurations = (
				01E3FC4A1BE92C7700187536 /* Debug */,
				01E3FC4B1BE92C7700187536 /* Release */,
			);
			defaultConfigurationIsVisible = 0;
			defaultConfigurationName = Release;
		};
		01E3FC4C1BE92C7700187536 /* Build configuration list for PBXNativeTarget "TimelineTests" */ = {
			isa = XCConfigurationList;
			buildConfigurations = (
				01E3FC4D1BE92C7700187536 /* Debug */,
				01E3FC4E1BE92C7700187536 /* Release */,
			);
			defaultConfigurationIsVisible = 0;
			defaultConfigurationName = Release;
		};
		01E3FC4F1BE92C7700187536 /* Build configuration list for PBXNativeTarget "TimelineUITests" */ = {
			isa = XCConfigurationList;
			buildConfigurations = (
				01E3FC501BE92C7700187536 /* Debug */,
				01E3FC511BE92C7700187536 /* Release */,
			);
			defaultConfigurationIsVisible = 0;
			defaultConfigurationName = Release;
		};
/* End XCConfigurationList section */
	};
	rootObject = 01E3FC191BE92C7600187536 /* Project object */;
}
